
Microsoft Visual Studio Solution File, Format Version 12.00
# Visual Studio Version 17
VisualStudioVersion = 17.7.34009.444
MinimumVisualStudioVersion = 10.0.40219.1
Project("{9A19103F-16F7-4668-BE54-9A1E7A4F7556}") = "C#Basic", "C#Basic\C#Basic.csproj", "{FD5E5EE5-A54E-4B8D-AA34-4CBC68F090FF}"
EndProject
Project("{9A19103F-16F7-4668-BE54-9A1E7A4F7556}") = "Reverse Num", "Lesson_2\Reverse String\Reverse Num.csproj", "{3D091987-29E1-47B6-BAFA-95CDC377D066}"
EndProject
Project("{9A19103F-16F7-4668-BE54-9A1E7A4F7556}") = "NumSquared", "Lesson_2\NumSquared\NumSquared.csproj", "{C707779A-A259-482F-8DAA-334A4F3F8E1D}"
EndProject
Project("{9A19103F-16F7-4668-BE54-9A1E7A4F7556}") = "SwapFirstNums", "Lesson_2\SwapFirstNums\SwapFirstNums.csproj", "{189B42CE-B2A0-4BC1-8468-5947B91E8D95}"
EndProject
Project("{9A19103F-16F7-4668-BE54-9A1E7A4F7556}") = "ArithmeticMean", "Lesson_2\ArithmeticMean\ArithmeticMean.csproj", "{77A891A8-BC69-4BA5-A604-D5F50653F301}"
EndProject
Project("{9A19103F-16F7-4668-BE54-9A1E7A4F7556}") = "SwapTwoNums", "Lesson_2\SwapTwoNums\SwapTwoNums.csproj", "{6BB63FD5-301A-4266-A063-18E7A3E443E1}"
EndProject
Project("{9A19103F-16F7-4668-BE54-9A1E7A4F7556}") = "Odd Even", "Lesson_3\Odd Even\Odd Even.csproj", "{A3B6FE69-2C0A-460C-8A78-CB8A906FCE7E}"
EndProject
Project("{9A19103F-16F7-4668-BE54-9A1E7A4F7556}") = "CompareNums", "Lesson_3\CompareNums\CompareNums.csproj", "{604C7A4F-DDAE-4FD8-B4A7-F7B9DC7B5330}"
EndProject
Project("{9A19103F-16F7-4668-BE54-9A1E7A4F7556}") = "Days Of The Week", "Lesson_3\Days Of The Week\Days Of The Week.csproj", "{9E8E2FF6-6458-4D03-ACE4-5838D4A19C04}"
EndProject
Project("{9A19103F-16F7-4668-BE54-9A1E7A4F7556}") = "Months Of The Year", "Lesson_3\Months Of The Year\Months Of The Year.csproj", "{0F34C806-CA6D-438B-811F-05836094C747}"
EndProject
Project("{9A19103F-16F7-4668-BE54-9A1E7A4F7556}") = "FIzzBuzz", "Lesson_3\FIzzBuzz\FIzzBuzz.csproj", "{D5C69B11-8007-4C04-B706-7F97B03B3E9E}"
EndProject
Project("{FAE04EC0-301F-11D3-BF4B-00C04F79EFBC}") = "Array To Array Beggining", "Lesson_5\Array To Array Beggining\Array To Array Beggining.csproj", "{7D6A54B3-CBBB-4B1B-B0BB-384A8CC0C4FA}"
EndProject
Project("{9A19103F-16F7-4668-BE54-9A1E7A4F7556}") = "Stop On -1", "Lesson_5\Stop On -1\Stop On -1.csproj", "{5ED06D0B-2406-417C-9E79-F7ACEED46918}"
EndProject
Project("{9A19103F-16F7-4668-BE54-9A1E7A4F7556}") = "Combine", "Lesson_5\Combine\Combine.csproj", "{41F01F29-D2DD-4766-A2A6-6C11CCA06A67}"
EndProject
Project("{FAE04EC0-301F-11D3-BF4B-00C04F79EFBC}") = "Get Num From Index", "Lesson_5\Get Num From Index\Get Num From Index.csproj", "{BEB47E33-1899-49E0-B562-D877867E4EE2}"
EndProject
Project("{9A19103F-16F7-4668-BE54-9A1E7A4F7556}") = "Remove From Array By Index", "Lesson_5\Remove From Array By Index\Remove From Array By Index.csproj", "{5FE5227F-D03F-4264-9F36-39094EA40678}"
EndProject
Project("{9A19103F-16F7-4668-BE54-9A1E7A4F7556}") = "Is Sorted", "Lesson_5\Is Sorted\Is Sorted.csproj", "{008160B0-D543-4B03-95FD-9B7B69C7D2B4}"
EndProject
Project("{9A19103F-16F7-4668-BE54-9A1E7A4F7556}") = "Sum Even Nums", "Lesson_6\Sum Even Nums\Sum Even Nums.csproj", "{011E2F45-645A-4F30-B371-8C99BFDBB5FD}"
EndProject
Project("{9A19103F-16F7-4668-BE54-9A1E7A4F7556}") = "Multiply Greater Input", "Lesson_6\Multiply Greater Input\Multiply Greater Input.csproj", "{779BCF7B-D2BD-4663-908B-1685F0F8D0FD}"
EndProject
Project("{9A19103F-16F7-4668-BE54-9A1E7A4F7556}") = "Count In Matrix", "Lesson_6\Count In Matrix\Count In Matrix.csproj", "{5AD42A81-EBBC-40F1-8472-63E22B6AC89F}"
EndProject
Project("{9A19103F-16F7-4668-BE54-9A1E7A4F7556}") = "Sort Surnames", "Lesson_6\Sort Surnames\Sort Surnames.csproj", "{197A06F1-F01C-49DB-8006-43E0F3F1DE8B}"
EndProject
Project("{9A19103F-16F7-4668-BE54-9A1E7A4F7556}") = "Student Journal", "Lesson_6\Student Journal\Student Journal.csproj", "{721811D7-464F-422B-8916-CED8F7ED7F35}"
EndProject
Project("{9A19103F-16F7-4668-BE54-9A1E7A4F7556}") = "Calculator", "Lesson_7\Calculator\Calculator.csproj", "{81B05E1F-5DEC-4580-9801-96501511FB95}"
EndProject
Project("{9A19103F-16F7-4668-BE54-9A1E7A4F7556}") = "Address", "Lesson_8\Address\Address.csproj", "{E6425D74-6579-4983-8287-35563FD382A4}"
EndProject
Project("{9A19103F-16F7-4668-BE54-9A1E7A4F7556}") = "Rectangle", "Lesson_9\Rectangle\Rectangle.csproj", "{F83CB34E-D4B7-42A0-9509-F4D38DA6CAE7}"
EndProject
Project("{9A19103F-16F7-4668-BE54-9A1E7A4F7556}") = "User", "Lesson_9\User\User.csproj", "{3048B281-29EF-4B2F-AF04-3FFE4E86CAAF}"
EndProject
Project("{9A19103F-16F7-4668-BE54-9A1E7A4F7556}") = "Figures", "Lesson_10\Figures\Figures.csproj", "{3D14B381-80B3-4B32-90DC-A28BC8A94BD5}"
EndProject
Project("{FAE04EC0-301F-11D3-BF4B-00C04F79EFBC}") = "Transport", "Lesson_10\Transport\Transport.csproj", "{33AD9075-1DAB-40EE-9656-A4422F7E53E7}"
EndProject
Global
	GlobalSection(SolutionConfigurationPlatforms) = preSolution
		Debug|Any CPU = Debug|Any CPU
		Release|Any CPU = Release|Any CPU
	EndGlobalSection
	GlobalSection(ProjectConfigurationPlatforms) = postSolution
		{FD5E5EE5-A54E-4B8D-AA34-4CBC68F090FF}.Debug|Any CPU.ActiveCfg = Debug|Any CPU
		{FD5E5EE5-A54E-4B8D-AA34-4CBC68F090FF}.Debug|Any CPU.Build.0 = Debug|Any CPU
		{FD5E5EE5-A54E-4B8D-AA34-4CBC68F090FF}.Release|Any CPU.ActiveCfg = Release|Any CPU
		{FD5E5EE5-A54E-4B8D-AA34-4CBC68F090FF}.Release|Any CPU.Build.0 = Release|Any CPU
		{3D091987-29E1-47B6-BAFA-95CDC377D066}.Debug|Any CPU.ActiveCfg = Debug|Any CPU
		{3D091987-29E1-47B6-BAFA-95CDC377D066}.Debug|Any CPU.Build.0 = Debug|Any CPU
		{3D091987-29E1-47B6-BAFA-95CDC377D066}.Release|Any CPU.ActiveCfg = Release|Any CPU
		{3D091987-29E1-47B6-BAFA-95CDC377D066}.Release|Any CPU.Build.0 = Release|Any CPU
		{C707779A-A259-482F-8DAA-334A4F3F8E1D}.Debug|Any CPU.ActiveCfg = Debug|Any CPU
		{C707779A-A259-482F-8DAA-334A4F3F8E1D}.Debug|Any CPU.Build.0 = Debug|Any CPU
		{C707779A-A259-482F-8DAA-334A4F3F8E1D}.Release|Any CPU.ActiveCfg = Release|Any CPU
		{C707779A-A259-482F-8DAA-334A4F3F8E1D}.Release|Any CPU.Build.0 = Release|Any CPU
		{189B42CE-B2A0-4BC1-8468-5947B91E8D95}.Debug|Any CPU.ActiveCfg = Debug|Any CPU
		{189B42CE-B2A0-4BC1-8468-5947B91E8D95}.Debug|Any CPU.Build.0 = Debug|Any CPU
		{189B42CE-B2A0-4BC1-8468-5947B91E8D95}.Release|Any CPU.ActiveCfg = Release|Any CPU
		{189B42CE-B2A0-4BC1-8468-5947B91E8D95}.Release|Any CPU.Build.0 = Release|Any CPU
		{77A891A8-BC69-4BA5-A604-D5F50653F301}.Debug|Any CPU.ActiveCfg = Debug|Any CPU
		{77A891A8-BC69-4BA5-A604-D5F50653F301}.Debug|Any CPU.Build.0 = Debug|Any CPU
		{77A891A8-BC69-4BA5-A604-D5F50653F301}.Release|Any CPU.ActiveCfg = Release|Any CPU
		{77A891A8-BC69-4BA5-A604-D5F50653F301}.Release|Any CPU.Build.0 = Release|Any CPU
		{6BB63FD5-301A-4266-A063-18E7A3E443E1}.Debug|Any CPU.ActiveCfg = Debug|Any CPU
		{6BB63FD5-301A-4266-A063-18E7A3E443E1}.Debug|Any CPU.Build.0 = Debug|Any CPU
		{6BB63FD5-301A-4266-A063-18E7A3E443E1}.Release|Any CPU.ActiveCfg = Release|Any CPU
		{6BB63FD5-301A-4266-A063-18E7A3E443E1}.Release|Any CPU.Build.0 = Release|Any CPU
		{A3B6FE69-2C0A-460C-8A78-CB8A906FCE7E}.Debug|Any CPU.ActiveCfg = Debug|Any CPU
		{A3B6FE69-2C0A-460C-8A78-CB8A906FCE7E}.Debug|Any CPU.Build.0 = Debug|Any CPU
		{A3B6FE69-2C0A-460C-8A78-CB8A906FCE7E}.Release|Any CPU.ActiveCfg = Release|Any CPU
		{A3B6FE69-2C0A-460C-8A78-CB8A906FCE7E}.Release|Any CPU.Build.0 = Release|Any CPU
		{604C7A4F-DDAE-4FD8-B4A7-F7B9DC7B5330}.Debug|Any CPU.ActiveCfg = Debug|Any CPU
		{604C7A4F-DDAE-4FD8-B4A7-F7B9DC7B5330}.Debug|Any CPU.Build.0 = Debug|Any CPU
		{604C7A4F-DDAE-4FD8-B4A7-F7B9DC7B5330}.Release|Any CPU.ActiveCfg = Release|Any CPU
		{604C7A4F-DDAE-4FD8-B4A7-F7B9DC7B5330}.Release|Any CPU.Build.0 = Release|Any CPU
		{9E8E2FF6-6458-4D03-ACE4-5838D4A19C04}.Debug|Any CPU.ActiveCfg = Debug|Any CPU
		{9E8E2FF6-6458-4D03-ACE4-5838D4A19C04}.Debug|Any CPU.Build.0 = Debug|Any CPU
		{9E8E2FF6-6458-4D03-ACE4-5838D4A19C04}.Release|Any CPU.ActiveCfg = Release|Any CPU
		{9E8E2FF6-6458-4D03-ACE4-5838D4A19C04}.Release|Any CPU.Build.0 = Release|Any CPU
		{0F34C806-CA6D-438B-811F-05836094C747}.Debug|Any CPU.ActiveCfg = Debug|Any CPU
		{0F34C806-CA6D-438B-811F-05836094C747}.Debug|Any CPU.Build.0 = Debug|Any CPU
		{0F34C806-CA6D-438B-811F-05836094C747}.Release|Any CPU.ActiveCfg = Release|Any CPU
		{0F34C806-CA6D-438B-811F-05836094C747}.Release|Any CPU.Build.0 = Release|Any CPU
		{D5C69B11-8007-4C04-B706-7F97B03B3E9E}.Debug|Any CPU.ActiveCfg = Debug|Any CPU
		{D5C69B11-8007-4C04-B706-7F97B03B3E9E}.Debug|Any CPU.Build.0 = Debug|Any CPU
		{D5C69B11-8007-4C04-B706-7F97B03B3E9E}.Release|Any CPU.ActiveCfg = Release|Any CPU
		{D5C69B11-8007-4C04-B706-7F97B03B3E9E}.Release|Any CPU.Build.0 = Release|Any CPU
		{7D6A54B3-CBBB-4B1B-B0BB-384A8CC0C4FA}.Debug|Any CPU.ActiveCfg = Debug|Any CPU
		{7D6A54B3-CBBB-4B1B-B0BB-384A8CC0C4FA}.Debug|Any CPU.Build.0 = Debug|Any CPU
		{7D6A54B3-CBBB-4B1B-B0BB-384A8CC0C4FA}.Release|Any CPU.ActiveCfg = Release|Any CPU
		{7D6A54B3-CBBB-4B1B-B0BB-384A8CC0C4FA}.Release|Any CPU.Build.0 = Release|Any CPU
		{5ED06D0B-2406-417C-9E79-F7ACEED46918}.Debug|Any CPU.ActiveCfg = Debug|Any CPU
		{5ED06D0B-2406-417C-9E79-F7ACEED46918}.Debug|Any CPU.Build.0 = Debug|Any CPU
		{5ED06D0B-2406-417C-9E79-F7ACEED46918}.Release|Any CPU.ActiveCfg = Release|Any CPU
		{5ED06D0B-2406-417C-9E79-F7ACEED46918}.Release|Any CPU.Build.0 = Release|Any CPU
		{41F01F29-D2DD-4766-A2A6-6C11CCA06A67}.Debug|Any CPU.ActiveCfg = Debug|Any CPU
		{41F01F29-D2DD-4766-A2A6-6C11CCA06A67}.Debug|Any CPU.Build.0 = Debug|Any CPU
		{41F01F29-D2DD-4766-A2A6-6C11CCA06A67}.Release|Any CPU.ActiveCfg = Release|Any CPU
		{41F01F29-D2DD-4766-A2A6-6C11CCA06A67}.Release|Any CPU.Build.0 = Release|Any CPU
		{BEB47E33-1899-49E0-B562-D877867E4EE2}.Debug|Any CPU.ActiveCfg = Debug|Any CPU
		{BEB47E33-1899-49E0-B562-D877867E4EE2}.Debug|Any CPU.Build.0 = Debug|Any CPU
		{BEB47E33-1899-49E0-B562-D877867E4EE2}.Release|Any CPU.ActiveCfg = Release|Any CPU
		{BEB47E33-1899-49E0-B562-D877867E4EE2}.Release|Any CPU.Build.0 = Release|Any CPU
		{5FE5227F-D03F-4264-9F36-39094EA40678}.Debug|Any CPU.ActiveCfg = Debug|Any CPU
		{5FE5227F-D03F-4264-9F36-39094EA40678}.Debug|Any CPU.Build.0 = Debug|Any CPU
		{5FE5227F-D03F-4264-9F36-39094EA40678}.Release|Any CPU.ActiveCfg = Release|Any CPU
		{5FE5227F-D03F-4264-9F36-39094EA40678}.Release|Any CPU.Build.0 = Release|Any CPU
		{008160B0-D543-4B03-95FD-9B7B69C7D2B4}.Debug|Any CPU.ActiveCfg = Debug|Any CPU
		{008160B0-D543-4B03-95FD-9B7B69C7D2B4}.Debug|Any CPU.Build.0 = Debug|Any CPU
		{008160B0-D543-4B03-95FD-9B7B69C7D2B4}.Release|Any CPU.ActiveCfg = Release|Any CPU
		{008160B0-D543-4B03-95FD-9B7B69C7D2B4}.Release|Any CPU.Build.0 = Release|Any CPU
		{011E2F45-645A-4F30-B371-8C99BFDBB5FD}.Debug|Any CPU.ActiveCfg = Debug|Any CPU
		{011E2F45-645A-4F30-B371-8C99BFDBB5FD}.Debug|Any CPU.Build.0 = Debug|Any CPU
		{011E2F45-645A-4F30-B371-8C99BFDBB5FD}.Release|Any CPU.ActiveCfg = Release|Any CPU
		{011E2F45-645A-4F30-B371-8C99BFDBB5FD}.Release|Any CPU.Build.0 = Release|Any CPU
		{779BCF7B-D2BD-4663-908B-1685F0F8D0FD}.Debug|Any CPU.ActiveCfg = Debug|Any CPU
		{779BCF7B-D2BD-4663-908B-1685F0F8D0FD}.Debug|Any CPU.Build.0 = Debug|Any CPU
		{779BCF7B-D2BD-4663-908B-1685F0F8D0FD}.Release|Any CPU.ActiveCfg = Release|Any CPU
		{779BCF7B-D2BD-4663-908B-1685F0F8D0FD}.Release|Any CPU.Build.0 = Release|Any CPU
		{5AD42A81-EBBC-40F1-8472-63E22B6AC89F}.Debug|Any CPU.ActiveCfg = Debug|Any CPU
		{5AD42A81-EBBC-40F1-8472-63E22B6AC89F}.Debug|Any CPU.Build.0 = Debug|Any CPU
		{5AD42A81-EBBC-40F1-8472-63E22B6AC89F}.Release|Any CPU.ActiveCfg = Release|Any CPU
		{5AD42A81-EBBC-40F1-8472-63E22B6AC89F}.Release|Any CPU.Build.0 = Release|Any CPU
		{197A06F1-F01C-49DB-8006-43E0F3F1DE8B}.Debug|Any CPU.ActiveCfg = Debug|Any CPU
		{197A06F1-F01C-49DB-8006-43E0F3F1DE8B}.Debug|Any CPU.Build.0 = Debug|Any CPU
		{197A06F1-F01C-49DB-8006-43E0F3F1DE8B}.Release|Any CPU.ActiveCfg = Release|Any CPU
		{197A06F1-F01C-49DB-8006-43E0F3F1DE8B}.Release|Any CPU.Build.0 = Release|Any CPU
		{721811D7-464F-422B-8916-CED8F7ED7F35}.Debug|Any CPU.ActiveCfg = Debug|Any CPU
		{721811D7-464F-422B-8916-CED8F7ED7F35}.Debug|Any CPU.Build.0 = Debug|Any CPU
		{721811D7-464F-422B-8916-CED8F7ED7F35}.Release|Any CPU.ActiveCfg = Release|Any CPU
		{721811D7-464F-422B-8916-CED8F7ED7F35}.Release|Any CPU.Build.0 = Release|Any CPU
		{81B05E1F-5DEC-4580-9801-96501511FB95}.Debug|Any CPU.ActiveCfg = Debug|Any CPU
		{81B05E1F-5DEC-4580-9801-96501511FB95}.Debug|Any CPU.Build.0 = Debug|Any CPU
		{81B05E1F-5DEC-4580-9801-96501511FB95}.Release|Any CPU.ActiveCfg = Release|Any CPU
		{81B05E1F-5DEC-4580-9801-96501511FB95}.Release|Any CPU.Build.0 = Release|Any CPU
		{E6425D74-6579-4983-8287-35563FD382A4}.Debug|Any CPU.ActiveCfg = Debug|Any CPU
		{E6425D74-6579-4983-8287-35563FD382A4}.Debug|Any CPU.Build.0 = Debug|Any CPU
		{E6425D74-6579-4983-8287-35563FD382A4}.Release|Any CPU.ActiveCfg = Release|Any CPU
		{E6425D74-6579-4983-8287-35563FD382A4}.Release|Any CPU.Build.0 = Release|Any CPU
		{F83CB34E-D4B7-42A0-9509-F4D38DA6CAE7}.Debug|Any CPU.ActiveCfg = Debug|Any CPU
		{F83CB34E-D4B7-42A0-9509-F4D38DA6CAE7}.Debug|Any CPU.Build.0 = Debug|Any CPU
		{F83CB34E-D4B7-42A0-9509-F4D38DA6CAE7}.Release|Any CPU.ActiveCfg = Release|Any CPU
		{F83CB34E-D4B7-42A0-9509-F4D38DA6CAE7}.Release|Any CPU.Build.0 = Release|Any CPU
		{3048B281-29EF-4B2F-AF04-3FFE4E86CAAF}.Debug|Any CPU.ActiveCfg = Debug|Any CPU
		{3048B281-29EF-4B2F-AF04-3FFE4E86CAAF}.Debug|Any CPU.Build.0 = Debug|Any CPU
		{3048B281-29EF-4B2F-AF04-3FFE4E86CAAF}.Release|Any CPU.ActiveCfg = Release|Any CPU
		{3048B281-29EF-4B2F-AF04-3FFE4E86CAAF}.Release|Any CPU.Build.0 = Release|Any CPU
		{3D14B381-80B3-4B32-90DC-A28BC8A94BD5}.Debug|Any CPU.ActiveCfg = Debug|Any CPU
		{3D14B381-80B3-4B32-90DC-A28BC8A94BD5}.Debug|Any CPU.Build.0 = Debug|Any CPU
		{3D14B381-80B3-4B32-90DC-A28BC8A94BD5}.Release|Any CPU.ActiveCfg = Release|Any CPU
		{3D14B381-80B3-4B32-90DC-A28BC8A94BD5}.Release|Any CPU.Build.0 = Release|Any CPU
		{33AD9075-1DAB-40EE-9656-A4422F7E53E7}.Debug|Any CPU.ActiveCfg = Debug|Any CPU
		{33AD9075-1DAB-40EE-9656-A4422F7E53E7}.Debug|Any CPU.Build.0 = Debug|Any CPU
		{33AD9075-1DAB-40EE-9656-A4422F7E53E7}.Release|Any CPU.ActiveCfg = Release|Any CPU
		{33AD9075-1DAB-40EE-9656-A4422F7E53E7}.Release|Any CPU.Build.0 = Release|Any CPU
	EndGlobalSection
	GlobalSection(SolutionProperties) = preSolution
		HideSolutionNode = FALSE
	EndGlobalSection
	GlobalSection(ExtensibilityGlobals) = postSolution
		SolutionGuid = {50560CAA-847A-4AF8-B70A-7D05FAA61235}
	EndGlobalSection
EndGlobal
