
Microsoft Visual Studio Solution File, Format Version 12.00
# Visual Studio Version 17
VisualStudioVersion = 17.7.34009.444
MinimumVisualStudioVersion = 10.0.40219.1
Project("{9A19103F-16F7-4668-BE54-9A1E7A4F7556}") = "C#Basic", "C#Basic\C#Basic.csproj", "{FD5E5EE5-A54E-4B8D-AA34-4CBC68F090FF}"
EndProject
Project("{FAE04EC0-301F-11D3-BF4B-00C04F79EFBC}") = "Reverse String", "Lesson_2\Reverse String\Reverse String.csproj", "{3D091987-29E1-47B6-BAFA-95CDC377D066}"
EndProject
Project("{FAE04EC0-301F-11D3-BF4B-00C04F79EFBC}") = "NumSquared", "Lesson_2\NumSquared\NumSquared.csproj", "{C707779A-A259-482F-8DAA-334A4F3F8E1D}"
EndProject
Project("{FAE04EC0-301F-11D3-BF4B-00C04F79EFBC}") = "SwapFirstNums", "Lesson_2\SwapFirstNums\SwapFirstNums.csproj", "{189B42CE-B2A0-4BC1-8468-5947B91E8D95}"
EndProject
Project("{FAE04EC0-301F-11D3-BF4B-00C04F79EFBC}") = "ArithmeticMean", "Lesson_2\ArithmeticMean\ArithmeticMean.csproj", "{77A891A8-BC69-4BA5-A604-D5F50653F301}"
EndProject
Project("{FAE04EC0-301F-11D3-BF4B-00C04F79EFBC}") = "SwapTwoNums", "Lesson_2\SwapTwoNums\SwapTwoNums.csproj", "{6BB63FD5-301A-4266-A063-18E7A3E443E1}"
EndProject
Global
	GlobalSection(SolutionConfigurationPlatforms) = preSolution
		Debug|Any CPU = Debug|Any CPU
		Release|Any CPU = Release|Any CPU
	EndGlobalSection
	GlobalSection(ProjectConfigurationPlatforms) = postSolution
		{FD5E5EE5-A54E-4B8D-AA34-4CBC68F090FF}.Debug|Any CPU.ActiveCfg = Debug|Any CPU
		{FD5E5EE5-A54E-4B8D-AA34-4CBC68F090FF}.Debug|Any CPU.Build.0 = Debug|Any CPU
		{FD5E5EE5-A54E-4B8D-AA34-4CBC68F090FF}.Release|Any CPU.ActiveCfg = Release|Any CPU
		{FD5E5EE5-A54E-4B8D-AA34-4CBC68F090FF}.Release|Any CPU.Build.0 = Release|Any CPU
		{3D091987-29E1-47B6-BAFA-95CDC377D066}.Debug|Any CPU.ActiveCfg = Debug|Any CPU
		{3D091987-29E1-47B6-BAFA-95CDC377D066}.Debug|Any CPU.Build.0 = Debug|Any CPU
		{3D091987-29E1-47B6-BAFA-95CDC377D066}.Release|Any CPU.ActiveCfg = Release|Any CPU
		{3D091987-29E1-47B6-BAFA-95CDC377D066}.Release|Any CPU.Build.0 = Release|Any CPU
		{C707779A-A259-482F-8DAA-334A4F3F8E1D}.Debug|Any CPU.ActiveCfg = Debug|Any CPU
		{C707779A-A259-482F-8DAA-334A4F3F8E1D}.Debug|Any CPU.Build.0 = Debug|Any CPU
		{C707779A-A259-482F-8DAA-334A4F3F8E1D}.Release|Any CPU.ActiveCfg = Release|Any CPU
		{C707779A-A259-482F-8DAA-334A4F3F8E1D}.Release|Any CPU.Build.0 = Release|Any CPU
		{189B42CE-B2A0-4BC1-8468-5947B91E8D95}.Debug|Any CPU.ActiveCfg = Debug|Any CPU
		{189B42CE-B2A0-4BC1-8468-5947B91E8D95}.Debug|Any CPU.Build.0 = Debug|Any CPU
		{189B42CE-B2A0-4BC1-8468-5947B91E8D95}.Release|Any CPU.ActiveCfg = Release|Any CPU
		{189B42CE-B2A0-4BC1-8468-5947B91E8D95}.Release|Any CPU.Build.0 = Release|Any CPU
		{77A891A8-BC69-4BA5-A604-D5F50653F301}.Debug|Any CPU.ActiveCfg = Debug|Any CPU
		{77A891A8-BC69-4BA5-A604-D5F50653F301}.Debug|Any CPU.Build.0 = Debug|Any CPU
		{77A891A8-BC69-4BA5-A604-D5F50653F301}.Release|Any CPU.ActiveCfg = Release|Any CPU
		{77A891A8-BC69-4BA5-A604-D5F50653F301}.Release|Any CPU.Build.0 = Release|Any CPU
		{6BB63FD5-301A-4266-A063-18E7A3E443E1}.Debug|Any CPU.ActiveCfg = Debug|Any CPU
		{6BB63FD5-301A-4266-A063-18E7A3E443E1}.Debug|Any CPU.Build.0 = Debug|Any CPU
		{6BB63FD5-301A-4266-A063-18E7A3E443E1}.Release|Any CPU.ActiveCfg = Release|Any CPU
		{6BB63FD5-301A-4266-A063-18E7A3E443E1}.Release|Any CPU.Build.0 = Release|Any CPU
	EndGlobalSection
	GlobalSection(SolutionProperties) = preSolution
		HideSolutionNode = FALSE
	EndGlobalSection
	GlobalSection(ExtensibilityGlobals) = postSolution
		SolutionGuid = {50560CAA-847A-4AF8-B70A-7D05FAA61235}
	EndGlobalSection
EndGlobal
